// !$*UTF8*$!
{
	archiveVersion = 1;
	classes = {
	};
	objectVersion = 46;
	objects = {

/* Begin PBXBuildFile section */
		174FA2B9A68A2010AC01763B /* Pods_Test.framework in Frameworks */ = {isa = PBXBuildFile; fileRef = 60A71D6E911A90132F398E2B /* Pods_Test.framework */; };
		79517CA4F9F65124558486D9 /* Pods_TestUITests.framework in Frameworks */ = {isa = PBXBuildFile; fileRef = B28A838463A77CC324DEC31B /* Pods_TestUITests.framework */; };
		B2BE6279E03EFF274ACCBA56 /* Pods_TestTests.framework in Frameworks */ = {isa = PBXBuildFile; fileRef = F5D62BC0AF57C9255FAD3ABF /* Pods_TestTests.framework */; };
		F4F6373C1D87E60500EDA44B /* AppDelegate.swift in Sources */ = {isa = PBXBuildFile; fileRef = F4F6373B1D87E60500EDA44B /* AppDelegate.swift */; };
		F4F6373E1D87E60500EDA44B /* ViewController.swift in Sources */ = {isa = PBXBuildFile; fileRef = F4F6373D1D87E60500EDA44B /* ViewController.swift */; };
		F4F637411D87E60500EDA44B /* Main.storyboard in Resources */ = {isa = PBXBuildFile; fileRef = F4F6373F1D87E60500EDA44B /* Main.storyboard */; };
		F4F637431D87E60500EDA44B /* Assets.xcassets in Resources */ = {isa = PBXBuildFile; fileRef = F4F637421D87E60500EDA44B /* Assets.xcassets */; };
		F4F637461D87E60500EDA44B /* LaunchScreen.storyboard in Resources */ = {isa = PBXBuildFile; fileRef = F4F637441D87E60500EDA44B /* LaunchScreen.storyboard */; };
		F4F637511D87E60500EDA44B /* TestTests.swift in Sources */ = {isa = PBXBuildFile; fileRef = F4F637501D87E60500EDA44B /* TestTests.swift */; };
		F4F6375C1D87E60500EDA44B /* TestUITests.swift in Sources */ = {isa = PBXBuildFile; fileRef = F4F6375B1D87E60500EDA44B /* TestUITests.swift */; };
		F4F6376A1D87E78D00EDA44B /* ToDoItem.swift in Sources */ = {isa = PBXBuildFile; fileRef = F4F637691D87E78D00EDA44B /* ToDoItem.swift */; };
		F4F6376C1D87E7CE00EDA44B /* TableViewCell.swift in Sources */ = {isa = PBXBuildFile; fileRef = F4F6376B1D87E7CE00EDA44B /* TableViewCell.swift */; };
		F4F637701D87E80300EDA44B /* StrikeThroughText.swift in Sources */ = {isa = PBXBuildFile; fileRef = F4F6376F1D87E80300EDA44B /* StrikeThroughText.swift */; };
		F4F637741D8808E700EDA44B /* ServerToDo.swift in Sources */ = {isa = PBXBuildFile; fileRef = F4F637731D8808E700EDA44B /* ServerToDo.swift */; };
/* End PBXBuildFile section */

/* Begin PBXContainerItemProxy section */
		F4F6374D1D87E60500EDA44B /* PBXContainerItemProxy */ = {
			isa = PBXContainerItemProxy;
			containerPortal = F4F637301D87E60500EDA44B /* Project object */;
			proxyType = 1;
			remoteGlobalIDString = F4F637371D87E60500EDA44B;
			remoteInfo = Test;
		};
		F4F637581D87E60500EDA44B /* PBXContainerItemProxy */ = {
			isa = PBXContainerItemProxy;
			containerPortal = F4F637301D87E60500EDA44B /* Project object */;
			proxyType = 1;
			remoteGlobalIDString = F4F637371D87E60500EDA44B;
			remoteInfo = Test;
		};
/* End PBXContainerItemProxy section */

/* Begin PBXFileReference section */
		099A32E170A07BEABB68FD16 /* Pods-TestTests.debug.xcconfig */ = {isa = PBXFileReference; includeInIndex = 1; lastKnownFileType = text.xcconfig; name = "Pods-TestTests.debug.xcconfig"; path = "Pods/Target Support Files/Pods-TestTests/Pods-TestTests.debug.xcconfig"; sourceTree = "<group>"; };
		09E8CA0ECAF92E66746C88A7 /* Pods-TestTests.release.xcconfig */ = {isa = PBXFileReference; includeInIndex = 1; lastKnownFileType = text.xcconfig; name = "Pods-TestTests.release.xcconfig"; path = "Pods/Target Support Files/Pods-TestTests/Pods-TestTests.release.xcconfig"; sourceTree = "<group>"; };
		60A71D6E911A90132F398E2B /* Pods_Test.framework */ = {isa = PBXFileReference; explicitFileType = wrapper.framework; includeInIndex = 0; path = Pods_Test.framework; sourceTree = BUILT_PRODUCTS_DIR; };
		7037221B34DEBCC33A7E5B4F /* Pods-TestUITests.release.xcconfig */ = {isa = PBXFileReference; includeInIndex = 1; lastKnownFileType = text.xcconfig; name = "Pods-TestUITests.release.xcconfig"; path = "Pods/Target Support Files/Pods-TestUITests/Pods-TestUITests.release.xcconfig"; sourceTree = "<group>"; };
		7129F3ECE6C797E1E188D72D /* Pods-Test.release.xcconfig */ = {isa = PBXFileReference; includeInIndex = 1; lastKnownFileType = text.xcconfig; name = "Pods-Test.release.xcconfig"; path = "Pods/Target Support Files/Pods-Test/Pods-Test.release.xcconfig"; sourceTree = "<group>"; };
		B28A838463A77CC324DEC31B /* Pods_TestUITests.framework */ = {isa = PBXFileReference; explicitFileType = wrapper.framework; includeInIndex = 0; path = Pods_TestUITests.framework; sourceTree = BUILT_PRODUCTS_DIR; };
		BE6B03652B46BBF23C15CE54 /* Pods-TestUITests.debug.xcconfig */ = {isa = PBXFileReference; includeInIndex = 1; lastKnownFileType = text.xcconfig; name = "Pods-TestUITests.debug.xcconfig"; path = "Pods/Target Support Files/Pods-TestUITests/Pods-TestUITests.debug.xcconfig"; sourceTree = "<group>"; };
		CB50BCDC7567EB0662B48CCC /* Pods-Test.debug.xcconfig */ = {isa = PBXFileReference; includeInIndex = 1; lastKnownFileType = text.xcconfig; name = "Pods-Test.debug.xcconfig"; path = "Pods/Target Support Files/Pods-Test/Pods-Test.debug.xcconfig"; sourceTree = "<group>"; };
		F4F637381D87E60500EDA44B /* Test.app */ = {isa = PBXFileReference; explicitFileType = wrapper.application; includeInIndex = 0; path = Test.app; sourceTree = BUILT_PRODUCTS_DIR; };
		F4F6373B1D87E60500EDA44B /* AppDelegate.swift */ = {isa = PBXFileReference; lastKnownFileType = sourcecode.swift; path = AppDelegate.swift; sourceTree = "<group>"; };
		F4F6373D1D87E60500EDA44B /* ViewController.swift */ = {isa = PBXFileReference; lastKnownFileType = sourcecode.swift; path = ViewController.swift; sourceTree = "<group>"; };
		F4F637401D87E60500EDA44B /* Base */ = {isa = PBXFileReference; lastKnownFileType = file.storyboard; name = Base; path = Base.lproj/Main.storyboard; sourceTree = "<group>"; };
		F4F637421D87E60500EDA44B /* Assets.xcassets */ = {isa = PBXFileReference; lastKnownFileType = folder.assetcatalog; path = Assets.xcassets; sourceTree = "<group>"; };
		F4F637451D87E60500EDA44B /* Base */ = {isa = PBXFileReference; lastKnownFileType = file.storyboard; name = Base; path = Base.lproj/LaunchScreen.storyboard; sourceTree = "<group>"; };
		F4F637471D87E60500EDA44B /* Info.plist */ = {isa = PBXFileReference; lastKnownFileType = text.plist.xml; path = Info.plist; sourceTree = "<group>"; };
		F4F6374C1D87E60500EDA44B /* TestTests.xctest */ = {isa = PBXFileReference; explicitFileType = wrapper.cfbundle; includeInIndex = 0; path = TestTests.xctest; sourceTree = BUILT_PRODUCTS_DIR; };
		F4F637501D87E60500EDA44B /* TestTests.swift */ = {isa = PBXFileReference; lastKnownFileType = sourcecode.swift; path = TestTests.swift; sourceTree = "<group>"; };
		F4F637521D87E60500EDA44B /* Info.plist */ = {isa = PBXFileReference; lastKnownFileType = text.plist.xml; path = Info.plist; sourceTree = "<group>"; };
		F4F637571D87E60500EDA44B /* TestUITests.xctest */ = {isa = PBXFileReference; explicitFileType = wrapper.cfbundle; includeInIndex = 0; path = TestUITests.xctest; sourceTree = BUILT_PRODUCTS_DIR; };
		F4F6375B1D87E60500EDA44B /* TestUITests.swift */ = {isa = PBXFileReference; lastKnownFileType = sourcecode.swift; path = TestUITests.swift; sourceTree = "<group>"; };
		F4F6375D1D87E60500EDA44B /* Info.plist */ = {isa = PBXFileReference; lastKnownFileType = text.plist.xml; path = Info.plist; sourceTree = "<group>"; };
		F4F637691D87E78D00EDA44B /* ToDoItem.swift */ = {isa = PBXFileReference; fileEncoding = 4; lastKnownFileType = sourcecode.swift; path = ToDoItem.swift; sourceTree = "<group>"; };
		F4F6376B1D87E7CE00EDA44B /* TableViewCell.swift */ = {isa = PBXFileReference; fileEncoding = 4; lastKnownFileType = sourcecode.swift; path = TableViewCell.swift; sourceTree = "<group>"; };
		F4F6376F1D87E80300EDA44B /* StrikeThroughText.swift */ = {isa = PBXFileReference; fileEncoding = 4; lastKnownFileType = sourcecode.swift; path = StrikeThroughText.swift; sourceTree = "<group>"; };
		F4F637731D8808E700EDA44B /* ServerToDo.swift */ = {isa = PBXFileReference; fileEncoding = 4; lastKnownFileType = sourcecode.swift; path = ServerToDo.swift; sourceTree = "<group>"; };
		F5D62BC0AF57C9255FAD3ABF /* Pods_TestTests.framework */ = {isa = PBXFileReference; explicitFileType = wrapper.framework; includeInIndex = 0; path = Pods_TestTests.framework; sourceTree = BUILT_PRODUCTS_DIR; };
/* End PBXFileReference section */

/* Begin PBXFrameworksBuildPhase section */
		F4F637351D87E60500EDA44B /* Frameworks */ = {
			isa = PBXFrameworksBuildPhase;
			buildActionMask = 2147483647;
			files = (
				174FA2B9A68A2010AC01763B /* Pods_Test.framework in Frameworks */,
			);
			runOnlyForDeploymentPostprocessing = 0;
		};
		F4F637491D87E60500EDA44B /* Frameworks */ = {
			isa = PBXFrameworksBuildPhase;
			buildActionMask = 2147483647;
			files = (
				B2BE6279E03EFF274ACCBA56 /* Pods_TestTests.framework in Frameworks */,
			);
			runOnlyForDeploymentPostprocessing = 0;
		};
		F4F637541D87E60500EDA44B /* Frameworks */ = {
			isa = PBXFrameworksBuildPhase;
			buildActionMask = 2147483647;
			files = (
				79517CA4F9F65124558486D9 /* Pods_TestUITests.framework in Frameworks */,
			);
			runOnlyForDeploymentPostprocessing = 0;
		};
/* End PBXFrameworksBuildPhase section */

/* Begin PBXGroup section */
		4D34C455D0B17E160B032F23 /* Pods */ = {
			isa = PBXGroup;
			children = (
				CB50BCDC7567EB0662B48CCC /* Pods-Test.debug.xcconfig */,
				7129F3ECE6C797E1E188D72D /* Pods-Test.release.xcconfig */,
				099A32E170A07BEABB68FD16 /* Pods-TestTests.debug.xcconfig */,
				09E8CA0ECAF92E66746C88A7 /* Pods-TestTests.release.xcconfig */,
				BE6B03652B46BBF23C15CE54 /* Pods-TestUITests.debug.xcconfig */,
				7037221B34DEBCC33A7E5B4F /* Pods-TestUITests.release.xcconfig */,
			);
			name = Pods;
			sourceTree = "<group>";
		};
		D46085FA96B8C405171ABC28 /* Frameworks */ = {
			isa = PBXGroup;
			children = (
				60A71D6E911A90132F398E2B /* Pods_Test.framework */,
				F5D62BC0AF57C9255FAD3ABF /* Pods_TestTests.framework */,
				B28A838463A77CC324DEC31B /* Pods_TestUITests.framework */,
			);
			name = Frameworks;
			sourceTree = "<group>";
		};
		F4F6372F1D87E60500EDA44B = {
			isa = PBXGroup;
			children = (
				F4F6373A1D87E60500EDA44B /* Test */,
				F4F6374F1D87E60500EDA44B /* TestTests */,
				F4F6375A1D87E60500EDA44B /* TestUITests */,
				F4F637391D87E60500EDA44B /* Products */,
				4D34C455D0B17E160B032F23 /* Pods */,
				D46085FA96B8C405171ABC28 /* Frameworks */,
			);
			sourceTree = "<group>";
		};
		F4F637391D87E60500EDA44B /* Products */ = {
			isa = PBXGroup;
			children = (
				F4F637381D87E60500EDA44B /* Test.app */,
				F4F6374C1D87E60500EDA44B /* TestTests.xctest */,
				F4F637571D87E60500EDA44B /* TestUITests.xctest */,
			);
			name = Products;
			sourceTree = "<group>";
		};
		F4F6373A1D87E60500EDA44B /* Test */ = {
			isa = PBXGroup;
			children = (
				F4F6373B1D87E60500EDA44B /* AppDelegate.swift */,
				F4F637731D8808E700EDA44B /* ServerToDo.swift */,
				F4F6373D1D87E60500EDA44B /* ViewController.swift */,
				F4F637691D87E78D00EDA44B /* ToDoItem.swift */,
				F4F6376B1D87E7CE00EDA44B /* TableViewCell.swift */,
				F4F6376F1D87E80300EDA44B /* StrikeThroughText.swift */,
				F4F6373F1D87E60500EDA44B /* Main.storyboard */,
				F4F637421D87E60500EDA44B /* Assets.xcassets */,
				F4F637441D87E60500EDA44B /* LaunchScreen.storyboard */,
				F4F637471D87E60500EDA44B /* Info.plist */,
			);
			path = Test;
			sourceTree = "<group>";
		};
		F4F6374F1D87E60500EDA44B /* TestTests */ = {
			isa = PBXGroup;
			children = (
				F4F637501D87E60500EDA44B /* TestTests.swift */,
				F4F637521D87E60500EDA44B /* Info.plist */,
			);
			path = TestTests;
			sourceTree = "<group>";
		};
		F4F6375A1D87E60500EDA44B /* TestUITests */ = {
			isa = PBXGroup;
			children = (
				F4F6375B1D87E60500EDA44B /* TestUITests.swift */,
				F4F6375D1D87E60500EDA44B /* Info.plist */,
			);
			path = TestUITests;
			sourceTree = "<group>";
		};
/* End PBXGroup section */

/* Begin PBXNativeTarget section */
		F4F637371D87E60500EDA44B /* Test */ = {
			isa = PBXNativeTarget;
			buildConfigurationList = F4F637601D87E60500EDA44B /* Build configuration list for PBXNativeTarget "Test" */;
			buildPhases = (
				1FC54F53589792029376FF12 /* [CP] Check Pods Manifest.lock */,
				F4F637341D87E60500EDA44B /* Sources */,
				F4F637351D87E60500EDA44B /* Frameworks */,
				F4F637361D87E60500EDA44B /* Resources */,
				28340318CD40B07664B7ED05 /* [CP] Embed Pods Frameworks */,
				3A158A208F07BF46F0F875EB /* [CP] Copy Pods Resources */,
			);
			buildRules = (
			);
			dependencies = (
			);
			name = Test;
			productName = Test;
			productReference = F4F637381D87E60500EDA44B /* Test.app */;
			productType = "com.apple.product-type.application";
		};
		F4F6374B1D87E60500EDA44B /* TestTests */ = {
			isa = PBXNativeTarget;
			buildConfigurationList = F4F637631D87E60500EDA44B /* Build configuration list for PBXNativeTarget "TestTests" */;
			buildPhases = (
				258EF802AB0030E7A2BDBDA6 /* [CP] Check Pods Manifest.lock */,
				F4F637481D87E60500EDA44B /* Sources */,
				F4F637491D87E60500EDA44B /* Frameworks */,
				F4F6374A1D87E60500EDA44B /* Resources */,
				ED277179E647543BACCD5BE5 /* [CP] Embed Pods Frameworks */,
				BE2D7C0918E8CB260EE1C43B /* [CP] Copy Pods Resources */,
			);
			buildRules = (
			);
			dependencies = (
				F4F6374E1D87E60500EDA44B /* PBXTargetDependency */,
			);
			name = TestTests;
			productName = TestTests;
			productReference = F4F6374C1D87E60500EDA44B /* TestTests.xctest */;
			productType = "com.apple.product-type.bundle.unit-test";
		};
		F4F637561D87E60500EDA44B /* TestUITests */ = {
			isa = PBXNativeTarget;
			buildConfigurationList = F4F637661D87E60500EDA44B /* Build configuration list for PBXNativeTarget "TestUITests" */;
			buildPhases = (
				2E362B32AB51FCF30D6C7F72 /* [CP] Check Pods Manifest.lock */,
				F4F637531D87E60500EDA44B /* Sources */,
				F4F637541D87E60500EDA44B /* Frameworks */,
				F4F637551D87E60500EDA44B /* Resources */,
				BED03B74F5030980761865AE /* [CP] Copy Pods Resources */,
			);
			buildRules = (
			);
			dependencies = (
				F4F637591D87E60500EDA44B /* PBXTargetDependency */,
			);
			name = TestUITests;
			productName = TestUITests;
			productReference = F4F637571D87E60500EDA44B /* TestUITests.xctest */;
			productType = "com.apple.product-type.bundle.ui-testing";
		};
/* End PBXNativeTarget section */

/* Begin PBXProject section */
		F4F637301D87E60500EDA44B /* Project object */ = {
			isa = PBXProject;
			attributes = {
				LastSwiftUpdateCheck = 0730;
				LastUpgradeCheck = 0730;
				ORGANIZATIONNAME = Arun;
				TargetAttributes = {
					F4F637371D87E60500EDA44B = {
						CreatedOnToolsVersion = 7.3.1;
					};
					F4F6374B1D87E60500EDA44B = {
						CreatedOnToolsVersion = 7.3.1;
						TestTargetID = F4F637371D87E60500EDA44B;
					};
					F4F637561D87E60500EDA44B = {
						CreatedOnToolsVersion = 7.3.1;
						TestTargetID = F4F637371D87E60500EDA44B;
					};
				};
			};
			buildConfigurationList = F4F637331D87E60500EDA44B /* Build configuration list for PBXProject "Test" */;
			compatibilityVersion = "Xcode 3.2";
			developmentRegion = English;
			hasScannedForEncodings = 0;
			knownRegions = (
				en,
				Base,
			);
			mainGroup = F4F6372F1D87E60500EDA44B;
			productRefGroup = F4F637391D87E60500EDA44B /* Products */;
			projectDirPath = "";
			projectRoot = "";
			targets = (
				F4F637371D87E60500EDA44B /* Test */,
				F4F6374B1D87E60500EDA44B /* TestTests */,
				F4F637561D87E60500EDA44B /* TestUITests */,
			);
		};
/* End PBXProject section */

/* Begin PBXResourcesBuildPhase section */
		F4F637361D87E60500EDA44B /* Resources */ = {
			isa = PBXResourcesBuildPhase;
			buildActionMask = 2147483647;
			files = (
				F4F637461D87E60500EDA44B /* LaunchScreen.storyboard in Resources */,
				F4F637431D87E60500EDA44B /* Assets.xcassets in Resources */,
				F4F637411D87E60500EDA44B /* Main.storyboard in Resources */,
			);
			runOnlyForDeploymentPostprocessing = 0;
		};
		F4F6374A1D87E60500EDA44B /* Resources */ = {
			isa = PBXResourcesBuildPhase;
			buildActionMask = 2147483647;
			files = (
			);
			runOnlyForDeploymentPostprocessing = 0;
		};
		F4F637551D87E60500EDA44B /* Resources */ = {
			isa = PBXResourcesBuildPhase;
			buildActionMask = 2147483647;
			files = (
			);
			runOnlyForDeploymentPostprocessing = 0;
		};
/* End PBXResourcesBuildPhase section */

/* Begin PBXShellScriptBuildPhase section */
		1FC54F53589792029376FF12 /* [CP] Check Pods Manifest.lock */ = {
			isa = PBXShellScriptBuildPhase;
			buildActionMask = 2147483647;
			files = (
			);
			inputPaths = (
			);
			name = "[CP] Check Pods Manifest.lock";
			outputPaths = (
			);
			runOnlyForDeploymentPostprocessing = 0;
			shellPath = /bin/sh;
			shellScript = "diff \"${PODS_ROOT}/../Podfile.lock\" \"${PODS_ROOT}/Manifest.lock\" > /dev/null\nif [[ $? != 0 ]] ; then\n    cat << EOM\nerror: The sandbox is not in sync with the Podfile.lock. Run 'pod install' or update your CocoaPods installation.\nEOM\n    exit 1\nfi\n";
			showEnvVarsInLog = 0;
		};
		258EF802AB0030E7A2BDBDA6 /* [CP] Check Pods Manifest.lock */ = {
			isa = PBXShellScriptBuildPhase;
			buildActionMask = 2147483647;
			files = (
			);
			inputPaths = (
			);
			name = "[CP] Check Pods Manifest.lock";
			outputPaths = (
			);
			runOnlyForDeploymentPostprocessing = 0;
			shellPath = /bin/sh;
			shellScript = "diff \"${PODS_ROOT}/../Podfile.lock\" \"${PODS_ROOT}/Manifest.lock\" > /dev/null\nif [[ $? != 0 ]] ; then\n    cat << EOM\nerror: The sandbox is not in sync with the Podfile.lock. Run 'pod install' or update your CocoaPods installation.\nEOM\n    exit 1\nfi\n";
			showEnvVarsInLog = 0;
		};
		28340318CD40B07664B7ED05 /* [CP] Embed Pods Frameworks */ = {
			isa = PBXShellScriptBuildPhase;
			buildActionMask = 2147483647;
			files = (
			);
			inputPaths = (
			);
			name = "[CP] Embed Pods Frameworks";
			outputPaths = (
			);
			runOnlyForDeploymentPostprocessing = 0;
			shellPath = /bin/sh;
			shellScript = "\"${SRCROOT}/Pods/Target Support Files/Pods-Test/Pods-Test-frameworks.sh\"\n";
			showEnvVarsInLog = 0;
		};
		2E362B32AB51FCF30D6C7F72 /* [CP] Check Pods Manifest.lock */ = {
			isa = PBXShellScriptBuildPhase;
			buildActionMask = 2147483647;
			files = (
			);
			inputPaths = (
			);
			name = "[CP] Check Pods Manifest.lock";
			outputPaths = (
			);
			runOnlyForDeploymentPostprocessing = 0;
			shellPath = /bin/sh;
			shellScript = "diff \"${PODS_ROOT}/../Podfile.lock\" \"${PODS_ROOT}/Manifest.lock\" > /dev/null\nif [[ $? != 0 ]] ; then\n    cat << EOM\nerror: The sandbox is not in sync with the Podfile.lock. Run 'pod install' or update your CocoaPods installation.\nEOM\n    exit 1\nfi\n";
			showEnvVarsInLog = 0;
		};
		3A158A208F07BF46F0F875EB /* [CP] Copy Pods Resources */ = {
			isa = PBXShellScriptBuildPhase;
			buildActionMask = 2147483647;
			files = (
			);
			inputPaths = (
			);
			name = "[CP] Copy Pods Resources";
			outputPaths = (
			);
			runOnlyForDeploymentPostprocessing = 0;
			shellPath = /bin/sh;
			shellScript = "\"${SRCROOT}/Pods/Target Support Files/Pods-Test/Pods-Test-resources.sh\"\n";
			showEnvVarsInLog = 0;
		};
		BE2D7C0918E8CB260EE1C43B /* [CP] Copy Pods Resources */ = {
			isa = PBXShellScriptBuildPhase;
			buildActionMask = 2147483647;
			files = (
			);
			inputPaths = (
			);
			name = "[CP] Copy Pods Resources";
			outputPaths = (
			);
			runOnlyForDeploymentPostprocessing = 0;
			shellPath = /bin/sh;
			shellScript = "\"${SRCROOT}/Pods/Target Support Files/Pods-TestTests/Pods-TestTests-resources.sh\"\n";
			showEnvVarsInLog = 0;
		};
		BED03B74F5030980761865AE /* [CP] Copy Pods Resources */ = {
			isa = PBXShellScriptBuildPhase;
			buildActionMask = 2147483647;
			files = (
			);
			inputPaths = (
			);
			name = "[CP] Copy Pods Resources";
			outputPaths = (
			);
			runOnlyForDeploymentPostprocessing = 0;
			shellPath = /bin/sh;
			shellScript = "\"${SRCROOT}/Pods/Target Support Files/Pods-TestUITests/Pods-TestUITests-resources.sh\"\n";
			showEnvVarsInLog = 0;
		};
		ED277179E647543BACCD5BE5 /* [CP] Embed Pods Frameworks */ = {
			isa = PBXShellScriptBuildPhase;
			buildActionMask = 2147483647;
			files = (
			);
			inputPaths = (
			);
			name = "[CP] Embed Pods Frameworks";
			outputPaths = (
			);
			runOnlyForDeploymentPostprocessing = 0;
			shellPath = /bin/sh;
			shellScript = "\"${SRCROOT}/Pods/Target Support Files/Pods-TestTests/Pods-TestTests-frameworks.sh\"\n";
			showEnvVarsInLog = 0;
		};
/* End PBXShellScriptBuildPhase section */

/* Begin PBXSourcesBuildPhase section */
		F4F637341D87E60500EDA44B /* Sources */ = {
			isa = PBXSourcesBuildPhase;
			buildActionMask = 2147483647;
			files = (
				F4F637701D87E80300EDA44B /* StrikeThroughText.swift in Sources */,
				F4F6373E1D87E60500EDA44B /* ViewController.swift in Sources */,
				F4F6376C1D87E7CE00EDA44B /* TableViewCell.swift in Sources */,
				F4F6373C1D87E60500EDA44B /* AppDelegate.swift in Sources */,
				F4F637741D8808E700EDA44B /* ServerToDo.swift in Sources */,
				F4F6376A1D87E78D00EDA44B /* ToDoItem.swift in Sources */,
			);
			runOnlyForDeploymentPostprocessing = 0;
		};
		F4F637481D87E60500EDA44B /* Sources */ = {
			isa = PBXSourcesBuildPhase;
			buildActionMask = 2147483647;
			files = (
				F4F637511D87E60500EDA44B /* TestTests.swift in Sources */,
			);
			runOnlyForDeploymentPostprocessing = 0;
		};
		F4F637531D87E60500EDA44B /* Sources */ = {
			isa = PBXSourcesBuildPhase;
			buildActionMask = 2147483647;
			files = (
				F4F6375C1D87E60500EDA44B /* TestUITests.swift in Sources */,
			);
			runOnlyForDeploymentPostprocessing = 0;
		};
/* End PBXSourcesBuildPhase section */

/* Begin PBXTargetDependency section */
		F4F6374E1D87E60500EDA44B /* PBXTargetDependency */ = {
			isa = PBXTargetDependency;
			target = F4F637371D87E60500EDA44B /* Test */;
			targetProxy = F4F6374D1D87E60500EDA44B /* PBXContainerItemProxy */;
		};
		F4F637591D87E60500EDA44B /* PBXTargetDependency */ = {
			isa = PBXTargetDependency;
			target = F4F637371D87E60500EDA44B /* Test */;
			targetProxy = F4F637581D87E60500EDA44B /* PBXContainerItemProxy */;
		};
/* End PBXTargetDependency section */

/* Begin PBXVariantGroup section */
		F4F6373F1D87E60500EDA44B /* Main.storyboard */ = {
			isa = PBXVariantGroup;
			children = (
				F4F637401D87E60500EDA44B /* Base */,
			);
			name = Main.storyboard;
			sourceTree = "<group>";
		};
		F4F637441D87E60500EDA44B /* LaunchScreen.storyboard */ = {
			isa = PBXVariantGroup;
			children = (
				F4F637451D87E60500EDA44B /* Base */,
			);
			name = LaunchScreen.storyboard;
			sourceTree = "<group>";
		};
/* End PBXVariantGroup section */

/* Begin XCBuildConfiguration section */
		F4F6375E1D87E60500EDA44B /* Debug */ = {
			isa = XCBuildConfiguration;
			buildSettings = {
				ALWAYS_SEARCH_USER_PATHS = NO;
				CLANG_ANALYZER_NONNULL = YES;
				CLANG_CXX_LANGUAGE_STANDARD = "gnu++0x";
				CLANG_CXX_LIBRARY = "libc++";
				CLANG_ENABLE_MODULES = YES;
				CLANG_ENABLE_OBJC_ARC = YES;
				CLANG_WARN_BOOL_CONVERSION = YES;
				CLANG_WARN_CONSTANT_CONVERSION = YES;
				CLANG_WARN_DIRECT_OBJC_ISA_USAGE = YES_ERROR;
				CLANG_WARN_EMPTY_BODY = YES;
				CLANG_WARN_ENUM_CONVERSION = YES;
				CLANG_WARN_INT_CONVERSION = YES;
				CLANG_WARN_OBJC_ROOT_CLASS = YES_ERROR;
				CLANG_WARN_UNREACHABLE_CODE = YES;
				CLANG_WARN__DUPLICATE_METHOD_MATCH = YES;
				"CODE_SIGN_IDENTITY[sdk=iphoneos*]" = "iPhone Developer";
				COPY_PHASE_STRIP = NO;
				DEBUG_INFORMATION_FORMAT = dwarf;
				ENABLE_STRICT_OBJC_MSGSEND = YES;
				ENABLE_TESTABILITY = YES;
				GCC_C_LANGUAGE_STANDARD = gnu99;
				GCC_DYNAMIC_NO_PIC = NO;
				GCC_NO_COMMON_BLOCKS = YES;
				GCC_OPTIMIZATION_LEVEL = 0;
				GCC_PREPROCESSOR_DEFINITIONS = (
					"DEBUG=1",
					"$(inherited)",
				);
				GCC_WARN_64_TO_32_BIT_CONVERSION = YES;
				GCC_WARN_ABOUT_RETURN_TYPE = YES_ERROR;
				GCC_WARN_UNDECLARED_SELECTOR = YES;
				GCC_WARN_UNINITIALIZED_AUTOS = YES_AGGRESSIVE;
				GCC_WARN_UNUSED_FUNCTION = YES;
				GCC_WARN_UNUSED_VARIABLE = YES;
				IPHONEOS_DEPLOYMENT_TARGET = 9.3;
				MTL_ENABLE_DEBUG_INFO = YES;
				ONLY_ACTIVE_ARCH = YES;
				SDKROOT = iphoneos;
				SWIFT_OPTIMIZATION_LEVEL = "-Onone";
			};
			name = Debug;
		};
		F4F6375F1D87E60500EDA44B /* Release */ = {
			isa = XCBuildConfiguration;
			buildSettings = {
				ALWAYS_SEARCH_USER_PATHS = NO;
				CLANG_ANALYZER_NONNULL = YES;
				CLANG_CXX_LANGUAGE_STANDARD = "gnu++0x";
				CLANG_CXX_LIBRARY = "libc++";
				CLANG_ENABLE_MODULES = YES;
				CLANG_ENABLE_OBJC_ARC = YES;
				CLANG_WARN_BOOL_CONVERSION = YES;
				CLANG_WARN_CONSTANT_CONVERSION = YES;
				CLANG_WARN_DIRECT_OBJC_ISA_USAGE = YES_ERROR;
				CLANG_WARN_EMPTY_BODY = YES;
				CLANG_WARN_ENUM_CONVERSION = YES;
				CLANG_WARN_INT_CONVERSION = YES;
				CLANG_WARN_OBJC_ROOT_CLASS = YES_ERROR;
				CLANG_WARN_UNREACHABLE_CODE = YES;
				CLANG_WARN__DUPLICATE_METHOD_MATCH = YES;
				"CODE_SIGN_IDENTITY[sdk=iphoneos*]" = "iPhone Developer";
				COPY_PHASE_STRIP = NO;
				DEBUG_INFORMATION_FORMAT = "dwarf-with-dsym";
				ENABLE_NS_ASSERTIONS = NO;
				ENABLE_STRICT_OBJC_MSGSEND = YES;
				GCC_C_LANGUAGE_STANDARD = gnu99;
				GCC_NO_COMMON_BLOCKS = YES;
				GCC_WARN_64_TO_32_BIT_CONVERSION = YES;
				GCC_WARN_ABOUT_RETURN_TYPE = YES_ERROR;
				GCC_WARN_UNDECLARED_SELECTOR = YES;
				GCC_WARN_UNINITIALIZED_AUTOS = YES_AGGRESSIVE;
				GCC_WARN_UNUSED_FUNCTION = YES;
				GCC_WARN_UNUSED_VARIABLE = YES;
				IPHONEOS_DEPLOYMENT_TARGET = 9.3;
				MTL_ENABLE_DEBUG_INFO = NO;
				SDKROOT = iphoneos;
				VALIDATE_PRODUCT = YES;
			};
			name = Release;
		};
		F4F637611D87E60500EDA44B /* Debug */ = {
			isa = XCBuildConfiguration;
			baseConfigurationReference = CB50BCDC7567EB0662B48CCC /* Pods-Test.debug.xcconfig */;
			buildSettings = {
				ASSETCATALOG_COMPILER_APPICON_NAME = AppIcon;
				INFOPLIST_FILE = Test/Info.plist;
				LD_RUNPATH_SEARCH_PATHS = "$(inherited) @executable_path/Frameworks";
				PRODUCT_BUNDLE_IDENTIFIER = Arun.Test;
				PRODUCT_NAME = "$(TARGET_NAME)";
			};
			name = Debug;
		};
		F4F637621D87E60500EDA44B /* Release */ = {
			isa = XCBuildConfiguration;
			baseConfigurationReference = 7129F3ECE6C797E1E188D72D /* Pods-Test.release.xcconfig */;
			buildSettings = {
				ASSETCATALOG_COMPILER_APPICON_NAME = AppIcon;
				INFOPLIST_FILE = Test/Info.plist;
				LD_RUNPATH_SEARCH_PATHS = "$(inherited) @executable_path/Frameworks";
				PRODUCT_BUNDLE_IDENTIFIER = Arun.Test;
				PRODUCT_NAME = "$(TARGET_NAME)";
			};
			name = Release;
		};
		F4F637641D87E60500EDA44B /* Debug */ = {
			isa = XCBuildConfiguration;
			baseConfigurationReference = 099A32E170A07BEABB68FD16 /* Pods-TestTests.debug.xcconfig */;
			buildSettings = {
				BUNDLE_LOADER = "$(TEST_HOST)";
				INFOPLIST_FILE = TestTests/Info.plist;
				LD_RUNPATH_SEARCH_PATHS = "$(inherited) @executable_path/Frameworks @loader_path/Frameworks";
				PRODUCT_BUNDLE_IDENTIFIER = Arun.TestTests;
				PRODUCT_NAME = "$(TARGET_NAME)";
				TEST_HOST = "$(BUILT_PRODUCTS_DIR)/Test.app/Test";
			};
			name = Debug;
		};
		F4F637651D87E60500EDA44B /* Release */ = {
			isa = XCBuildConfiguration;
			baseConfigurationReference = 09E8CA0ECAF92E66746C88A7 /* Pods-TestTests.release.xcconfig */;
			buildSettings = {
				BUNDLE_LOADER = "$(TEST_HOST)";
				INFOPLIST_FILE = TestTests/Info.plist;
				LD_RUNPATH_SEARCH_PATHS = "$(inherited) @executable_path/Frameworks @loader_path/Frameworks";
				PRODUCT_BUNDLE_IDENTIFIER = Arun.TestTests;
				PRODUCT_NAME = "$(TARGET_NAME)";
				TEST_HOST = "$(BUILT_PRODUCTS_DIR)/Test.app/Test";
			};
			name = Release;
		};
		F4F637671D87E60500EDA44B /* Debug */ = {
			isa = XCBuildConfiguration;
			baseConfigurationReference = BE6B03652B46BBF23C15CE54 /* Pods-TestUITests.debug.xcconfig */;
			buildSettings = {
				INFOPLIST_FILE = TestUITests/Info.plist;
				LD_RUNPATH_SEARCH_PATHS = "$(inherited) @executable_path/Frameworks @loader_path/Frameworks";
				PRODUCT_BUNDLE_IDENTIFIER = Arun.TestUITests;
				PRODUCT_NAME = "$(TARGET_NAME)";
				TEST_TARGET_NAME = Test;
			};
			name = Debug;
		};
		F4F637681D87E60500EDA44B /* Release */ = {
			isa = XCBuildConfiguration;
			baseConfigurationReference = 7037221B34DEBCC33A7E5B4F /* Pods-TestUITests.release.xcconfig */;
			buildSettings = {
				INFOPLIST_FILE = TestUITests/Info.plist;
				LD_RUNPATH_SEARCH_PATHS = "$(inherited) @executable_path/Frameworks @loader_path/Frameworks";
				PRODUCT_BUNDLE_IDENTIFIER = Arun.TestUITests;
				PRODUCT_NAME = "$(TARGET_NAME)";
				TEST_TARGET_NAME = Test;
			};
			name = Release;
		};
/* End XCBuildConfiguration section */

/* Begin XCConfigurationList section */
		F4F637331D87E60500EDA44B /* Build configuration list for PBXProject "Test" */ = {
			isa = XCConfigurationList;
			buildConfigurations = (
				F4F6375E1D87E60500EDA44B /* Debug */,
				F4F6375F1D87E60500EDA44B /* Release */,
			);
			defaultConfigurationIsVisible = 0;
			defaultConfigurationName = Release;
		};
		F4F637601D87E60500EDA44B /* Build configuration list for PBXNativeTarget "Test" */ = {
			isa = XCConfigurationList;
			buildConfigurations = (
				F4F637611D87E60500EDA44B /* Debug */,
				F4F637621D87E60500EDA44B /* Release */,
			);
			defaultConfigurationIsVisible = 0;
			defaultConfigurationName = Release;
		};
		F4F637631D87E60500EDA44B /* Build configuration list for PBXNativeTarget "TestTests" */ = {
			isa = XCConfigurationList;
			buildConfigurations = (
				F4F637641D87E60500EDA44B /* Debug */,
				F4F637651D87E60500EDA44B /* Release */,
			);
			defaultConfigurationIsVisible = 0;
			defaultConfigurationName = Release;
		};
		F4F637661D87E60500EDA44B /* Build configuration list for PBXNativeTarget "TestUITests" */ = {
			isa = XCConfigurationList;
			buildConfigurations = (
				F4F637671D87E60500EDA44B /* Debug */,
				F4F637681D87E60500EDA44B /* Release */,
			);
			defaultConfigurationIsVisible = 0;
			defaultConfigurationName = Release;
		};
/* End XCConfigurationList section */
	};
	rootObject = F4F637301D87E60500EDA44B /* Project object */;
}
